NeoBundleLock lightline.vim 967501e7a1cc96ef3aac596741e5ec30dc8ed566
NeoBundleLock neobundle.vim 108ce2c80e0af6898f967f4df7ff189368351ff6
NeoBundleLock unite.vim 515b01c64bd92ade146898d5ff7ad7d81a9adc2f
NeoBundleLock vimfiler 6840a279ad1b9e25cafd26f4c6fde5e9fc4303b2
NeoBundleLock vimproc 0555aecded8737435747e903efc4b6f3241cc62c
NeoBundleLock vimshell adb2a0d95e9b0009d152c35c930eb04875562d87
